github.com/valyala/bytebufferpool v1.0.0 h1:GqA5TC/0021Y/b9FG4Oi9Mr3q7XYx6KllzawFIhcdPw=
github.com/valyala/bytebufferpool v1.0.0/go.mod h1:6bBcMArwyJ5K/AmCkWv1jt77kVWyCJ6HpOuEn7z0Csc=
golang.org/x/net v0.58.0 h1:ynWG7rqYi4ccpTEuPZ2QGWHktVEM9DMCj9yzDE0Q7To=
golang.org/x/net v0.58.0/go.mod h1:YwCddHnFlT7eLQqVprV19OnhLGtc5xOKgE0RyqgfWAU=
golang.org/x/time v0.16.0 h1:vMb6ptszcQMkcwiRTAuNNU50gom6++Q/6gY2hDM6VDE=
golang.org/x/time v0.16.0/go.mod h1:rVKOqvZeKvrDKTQiAHJ7wmwP0RzleSphoEA9RcdLA0s=
